// !$*UTF8*$!
{
	archiveVersion = 1;
	classes = {
	};
	objectVersion = 46;
	objects = {

/* Begin PBXBuildFile section */
		4A39273A1B67B5D000AC0F2A /* AppDelegate.swift in Sources */ = {isa = PBXBuildFile; fileRef = 4A3927391B67B5D000AC0F2A /* AppDelegate.swift */; };
		4A39273C1B67B5D000AC0F2A /* CalculatorViewController.swift in Sources */ = {isa = PBXBuildFile; fileRef = 4A39273B1B67B5D000AC0F2A /* CalculatorViewController.swift */; };
		4A39273F1B67B5D000AC0F2A /* Main.storyboard in Resources */ = {isa = PBXBuildFile; fileRef = 4A39273D1B67B5D000AC0F2A /* Main.storyboard */; };
		4A3927411B67B5D000AC0F2A /* Images.xcassets in Resources */ = {isa = PBXBuildFile; fileRef = 4A3927401B67B5D000AC0F2A /* Images.xcassets */; };
		4A3927441B67B5D000AC0F2A /* LaunchScreen.xib in Resources */ = {isa = PBXBuildFile; fileRef = 4A3927421B67B5D000AC0F2A /* LaunchScreen.xib */; };
		4A3927501B67B5D000AC0F2A /* CalculatorTests.swift in Sources */ = {isa = PBXBuildFile; fileRef = 4A39274F1B67B5D000AC0F2A /* CalculatorTests.swift */; };
		4A39275C1B6BCB7D00AC0F2A /* CalculatorBrain.swift in Sources */ = {isa = PBXBuildFile; fileRef = 4A39275B1B6BCB7D00AC0F2A /* CalculatorBrain.swift */; };
		4A81A4481BB01B28008E79E8 /* GraphViewController.swift in Sources */ = {isa = PBXBuildFile; fileRef = 4A81A4471BB01B28008E79E8 /* GraphViewController.swift */; settings = {ASSET_TAGS = (); }; };
		4A81A44A1BB01BBD008E79E8 /* GraphView.swift in Sources */ = {isa = PBXBuildFile; fileRef = 4A81A4491BB01BBD008E79E8 /* GraphView.swift */; settings = {ASSET_TAGS = (); }; };
		4A81A44C1BB021B4008E79E8 /* AxesDrawer.swift in Sources */ = {isa = PBXBuildFile; fileRef = 4A81A44B1BB021B4008E79E8 /* AxesDrawer.swift */; settings = {ASSET_TAGS = (); }; };
/* End PBXBuildFile section */

/* Begin PBXContainerItemProxy section */
		4A39274A1B67B5D000AC0F2A /* PBXContainerItemProxy */ = {
			isa = PBXContainerItemProxy;
			containerPortal = 4A39272C1B67B5D000AC0F2A /* Project object */;
			proxyType = 1;
			remoteGlobalIDString = 4A3927331B67B5D000AC0F2A;
			remoteInfo = Calculator;
		};
/* End PBXContainerItemProxy section */

/* Begin PBXFileReference section */
		4A3927341B67B5D000AC0F2A /* Calculator.app */ = {isa = PBXFileReference; explicitFileType = wrapper.application; includeInIndex = 0; path = Calculator.app; sourceTree = BUILT_PRODUCTS_DIR; };
		4A3927381B67B5D000AC0F2A /* Info.plist */ = {isa = PBXFileReference; lastKnownFileType = text.plist.xml; path = Info.plist; sourceTree = "<group>"; };
		4A3927391B67B5D000AC0F2A /* AppDelegate.swift */ = {isa = PBXFileReference; lastKnownFileType = sourcecode.swift; path = AppDelegate.swift; sourceTree = "<group>"; };
		4A39273B1B67B5D000AC0F2A /* CalculatorViewController.swift */ = {isa = PBXFileReference; lastKnownFileType = sourcecode.swift; path = CalculatorViewController.swift; sourceTree = "<group>"; };
		4A39273E1B67B5D000AC0F2A /* Base */ = {isa = PBXFileReference; lastKnownFileType = file.storyboard; name = Base; path = Base.lproj/Main.storyboard; sourceTree = "<group>"; };
		4A3927401B67B5D000AC0F2A /* Images.xcassets */ = {isa = PBXFileReference; lastKnownFileType = folder.assetcatalog; path = Images.xcassets; sourceTree = "<group>"; };
		4A3927431B67B5D000AC0F2A /* Base */ = {isa = PBXFileReference; lastKnownFileType = file.xib; name = Base; path = Base.lproj/LaunchScreen.xib; sourceTree = "<group>"; };
		4A3927491B67B5D000AC0F2A /* CalculatorTests.xctest */ = {isa = PBXFileReference; explicitFileType = wrapper.cfbundle; includeInIndex = 0; path = CalculatorTests.xctest; sourceTree = BUILT_PRODUCTS_DIR; };
		4A39274E1B67B5D000AC0F2A /* Info.plist */ = {isa = PBXFileReference; lastKnownFileType = text.plist.xml; path = Info.plist; sourceTree = "<group>"; };
		4A39274F1B67B5D000AC0F2A /* CalculatorTests.swift */ = {isa = PBXFileReference; lastKnownFileType = sourcecode.swift; path = CalculatorTests.swift; sourceTree = "<group>"; };
		4A39275B1B6BCB7D00AC0F2A /* CalculatorBrain.swift */ = {isa = PBXFileReference; fileEncoding = 4; lastKnownFileType = sourcecode.swift; path = CalculatorBrain.swift; sourceTree = "<group>"; };
		4A81A4471BB01B28008E79E8 /* GraphViewController.swift */ = {isa = PBXFileReference; fileEncoding = 4; lastKnownFileType = sourcecode.swift; path = GraphViewController.swift; sourceTree = "<group>"; };
		4A81A4491BB01BBD008E79E8 /* GraphView.swift */ = {isa = PBXFileReference; fileEncoding = 4; lastKnownFileType = sourcecode.swift; path = GraphView.swift; sourceTree = "<group>"; };
		4A81A44B1BB021B4008E79E8 /* AxesDrawer.swift */ = {isa = PBXFileReference; fileEncoding = 4; lastKnownFileType = sourcecode.swift; path = AxesDrawer.swift; sourceTree = "<group>"; };
/* End PBXFileReference section */

/* Begin PBXFrameworksBuildPhase section */
		4A3927311B67B5D000AC0F2A /* Frameworks */ = {
			isa = PBXFrameworksBuildPhase;
			buildActionMask = 2147483647;
			files = (
			);
			runOnlyForDeploymentPostprocessing = 0;
		};
		4A3927461B67B5D000AC0F2A /* Frameworks */ = {
			isa = PBXFrameworksBuildPhase;
			buildActionMask = 2147483647;
			files = (
			);
			runOnlyForDeploymentPostprocessing = 0;
		};
/* End PBXFrameworksBuildPhase section */

/* Begin PBXGroup section */
		4A39272B1B67B5D000AC0F2A = {
			isa = PBXGroup;
			children = (
				4A3927361B67B5D000AC0F2A /* Calculator */,
				4A39274C1B67B5D000AC0F2A /* CalculatorTests */,
				4A3927351B67B5D000AC0F2A /* Products */,
			);
			sourceTree = "<group>";
		};
		4A3927351B67B5D000AC0F2A /* Products */ = {
			isa = PBXGroup;
			children = (
				4A3927341B67B5D000AC0F2A /* Calculator.app */,
				4A3927491B67B5D000AC0F2A /* CalculatorTests.xctest */,
			);
			name = Products;
			sourceTree = "<group>";
		};
		4A3927361B67B5D000AC0F2A /* Calculator */ = {
			isa = PBXGroup;
			children = (
				4A39275B1B6BCB7D00AC0F2A /* CalculatorBrain.swift */,
				4A3927391B67B5D000AC0F2A /* AppDelegate.swift */,
				4A39273B1B67B5D000AC0F2A /* CalculatorViewController.swift */,
				4A39273D1B67B5D000AC0F2A /* Main.storyboard */,
				4A81A4471BB01B28008E79E8 /* GraphViewController.swift */,
				4A81A4491BB01BBD008E79E8 /* GraphView.swift */,
				4A81A44B1BB021B4008E79E8 /* AxesDrawer.swift */,
				4A3927401B67B5D000AC0F2A /* Images.xcassets */,
				4A3927421B67B5D000AC0F2A /* LaunchScreen.xib */,
				4A3927371B67B5D000AC0F2A /* Supporting Files */,
			);
			path = Calculator;
			sourceTree = "<group>";
		};
		4A3927371B67B5D000AC0F2A /* Supporting Files */ = {
			isa = PBXGroup;
			children = (
				4A3927381B67B5D000AC0F2A /* Info.plist */,
			);
			name = "Supporting Files";
			sourceTree = "<group>";
		};
		4A39274C1B67B5D000AC0F2A /* CalculatorTests */ = {
			isa = PBXGroup;
			children = (
				4A39274F1B67B5D000AC0F2A /* CalculatorTests.swift */,
				4A39274D1B67B5D000AC0F2A /* Supporting Files */,
			);
			path = CalculatorTests;
			sourceTree = "<group>";
		};
		4A39274D1B67B5D000AC0F2A /* Supporting Files */ = {
			isa = PBXGroup;
			children = (
				4A39274E1B67B5D000AC0F2A /* Info.plist */,
			);
			name = "Supporting Files";
			sourceTree = "<group>";
		};
/* End PBXGroup section */

/* Begin PBXNativeTarget section */
		4A3927331B67B5D000AC0F2A /* Calculator */ = {
			isa = PBXNativeTarget;
			buildConfigurationList = 4A3927531B67B5D000AC0F2A /* Build configuration list for PBXNativeTarget "Calculator" */;
			buildPhases = (
				4A3927301B67B5D000AC0F2A /* Sources */,
				4A3927311B67B5D000AC0F2A /* Frameworks */,
				4A3927321B67B5D000AC0F2A /* Resources */,
			);
			buildRules = (
			);
			dependencies = (
			);
			name = Calculator;
			productName = Calculator;
			productReference = 4A3927341B67B5D000AC0F2A /* Calculator.app */;
			productType = "com.apple.product-type.application";
		};
		4A3927481B67B5D000AC0F2A /* CalculatorTests */ = {
			isa = PBXNativeTarget;
			buildConfigurationList = 4A3927561B67B5D000AC0F2A /* Build configuration list for PBXNativeTarget "CalculatorTests" */;
			buildPhases = (
				4A3927451B67B5D000AC0F2A /* Sources */,
				4A3927461B67B5D000AC0F2A /* Frameworks */,
				4A3927471B67B5D000AC0F2A /* Resources */,
			);
			buildRules = (
			);
			dependencies = (
				4A39274B1B67B5D000AC0F2A /* PBXTargetDependency */,
			);
			name = CalculatorTests;
			productName = CalculatorTests;
			productReference = 4A3927491B67B5D000AC0F2A /* CalculatorTests.xctest */;
			productType = "com.apple.product-type.bundle.unit-test";
		};
/* End PBXNativeTarget section */

/* Begin PBXProject section */
		4A39272C1B67B5D000AC0F2A /* Project object */ = {
			isa = PBXProject;
			attributes = {
				LastSwiftMigration = 0700;
				LastSwiftUpdateCheck = 0700;
				LastUpgradeCheck = 0700;
				ORGANIZATIONNAME = nevercry;
				TargetAttributes = {
					4A3927331B67B5D000AC0F2A = {
						CreatedOnToolsVersion = 6.4;
					};
					4A3927481B67B5D000AC0F2A = {
						CreatedOnToolsVersion = 6.4;
						TestTargetID = 4A3927331B67B5D000AC0F2A;
					};
				};
			};
			buildConfigurationList = 4A39272F1B67B5D000AC0F2A /* Build configuration list for PBXProject "Calculator" */;
			compatibilityVersion = "Xcode 3.2";
			developmentRegion = English;
			hasScannedForEncodings = 0;
			knownRegions = (
				en,
				Base,
			);
			mainGroup = 4A39272B1B67B5D000AC0F2A;
			productRefGroup = 4A3927351B67B5D000AC0F2A /* Products */;
			projectDirPath = "";
			projectRoot = "";
			targets = (
				4A3927331B67B5D000AC0F2A /* Calculator */,
				4A3927481B67B5D000AC0F2A /* CalculatorTests */,
			);
		};
/* End PBXProject section */

/* Begin PBXResourcesBuildPhase section */
		4A3927321B67B5D000AC0F2A /* Resources */ = {
			isa = PBXResourcesBuildPhase;
			buildActionMask = 2147483647;
			files = (
				4A39273F1B67B5D000AC0F2A /* Main.storyboard in Resources */,
				4A3927441B67B5D000AC0F2A /* LaunchScreen.xib in Resources */,
				4A3927411B67B5D000AC0F2A /* Images.xcassets in Resources */,
			);
			runOnlyForDeploymentPostprocessing = 0;
		};
		4A3927471B67B5D000AC0F2A /* Resources */ = {
			isa = PBXResourcesBuildPhase;
			buildActionMask = 2147483647;
			files = (
			);
			runOnlyForDeploymentPostprocessing = 0;
		};
/* End PBXResourcesBuildPhase section */

/* Begin PBXSourcesBuildPhase section */
		4A3927301B67B5D000AC0F2A /* Sources */ = {
			isa = PBXSourcesBuildPhase;
			buildActionMask = 2147483647;
			files = (
				4A81A44A1BB01BBD008E79E8 /* GraphView.swift in Sources */,
				4A39273C1B67B5D000AC0F2A /* CalculatorViewController.swift in Sources */,
				4A81A4481BB01B28008E79E8 /* GraphViewController.swift in Sources */,
				4A39275C1B6BCB7D00AC0F2A /* CalculatorBrain.swift in Sources */,
				4A39273A1B67B5D000AC0F2A /* AppDelegate.swift in Sources */,
				4A81A44C1BB021B4008E79E8 /* AxesDrawer.swift in Sources */,
			);
			runOnlyForDeploymentPostprocessing = 0;
		};
		4A3927451B67B5D000AC0F2A /* Sources */ = {
			isa = PBXSourcesBuildPhase;
			buildActionMask = 2147483647;
			files = (
				4A3927501B67B5D000AC0F2A /* CalculatorTests.swift in Sources */,
			);
			runOnlyForDeploymentPostprocessing = 0;
		};
/* End PBXSourcesBuildPhase section */

/* Begin PBXTargetDependency section */
		4A39274B1B67B5D000AC0F2A /* PBXTargetDependency */ = {
			isa = PBXTargetDependency;
			target = 4A3927331B67B5D000AC0F2A /* Calculator */;
			targetProxy = 4A39274A1B67B5D000AC0F2A /* PBXContainerItemProxy */;
		};
/* End PBXTargetDependency section */

/* Begin PBXVariantGroup section */
		4A39273D1B67B5D000AC0F2A /* Main.storyboard */ = {
			isa = PBXVariantGroup;
			children = (
				4A39273E1B67B5D000AC0F2A /* Base */,
			);
			name = Main.storyboard;
			sourceTree = "<group>";
		};
		4A3927421B67B5D000AC0F2A /* LaunchScreen.xib */ = {
			isa = PBXVariantGroup;
			children = (
				4A3927431B67B5D000AC0F2A /* Base */,
			);
			name = LaunchScreen.xib;
			sourceTree = "<group>";
		};
/* End PBXVariantGroup section */

/* Begin XCBuildConfiguration section */
		4A3927511B67B5D000AC0F2A /* Debug */ = {
			isa = XCBuildConfiguration;
			buildSettings = {
				ALWAYS_SEARCH_USER_PATHS = NO;
				CLANG_CXX_LANGUAGE_STANDARD = "gnu++0x";
				CLANG_CXX_LIBRARY = "libc++";
				CLANG_ENABLE_MODULES = YES;
				CLANG_ENABLE_OBJC_ARC = YES;
				CLANG_WARN_BOOL_CONVERSION = YES;
				CLANG_WARN_CONSTANT_CONVERSION = YES;
				CLANG_WARN_DIRECT_OBJC_ISA_USAGE = YES_ERROR;
				CLANG_WARN_EMPTY_BODY = YES;
				CLANG_WARN_ENUM_CONVERSION = YES;
				CLANG_WARN_INT_CONVERSION = YES;
				CLANG_WARN_OBJC_ROOT_CLASS = YES_ERROR;
				CLANG_WARN_UNREACHABLE_CODE = YES;
				CLANG_WARN__DUPLICATE_METHOD_MATCH = YES;
				"CODE_SIGN_IDENTITY[sdk=iphoneos*]" = "iPhone Developer";
				COPY_PHASE_STRIP = NO;
				DEBUG_INFORMATION_FORMAT = "dwarf-with-dsym";
				ENABLE_STRICT_OBJC_MSGSEND = YES;
				ENABLE_TESTABILITY = YES;
				GCC_C_LANGUAGE_STANDARD = gnu99;
				GCC_DYNAMIC_NO_PIC = NO;
				GCC_NO_COMMON_BLOCKS = YES;
				GCC_OPTIMIZATION_LEVEL = 0;
				GCC_PREPROCESSOR_DEFINITIONS = (
					"DEBUG=1",
					"$(inherited)",
				);
				GCC_SYMBOLS_PRIVATE_EXTERN = NO;
				GCC_WARN_64_TO_32_BIT_CONVERSION = YES;
				GCC_WARN_ABOUT_RETURN_TYPE = YES_ERROR;
				GCC_WARN_UNDECLARED_SELECTOR = YES;
				GCC_WARN_UNINITIALIZED_AUTOS = YES_AGGRESSIVE;
				GCC_WARN_UNUSED_FUNCTION = YES;
				GCC_WARN_UNUSED_VARIABLE = YES;
				IPHONEOS_DEPLOYMENT_TARGET = 9.0;
				MTL_ENABLE_DEBUG_INFO = YES;
				ONLY_ACTIVE_ARCH = YES;
				SDKROOT = iphoneos;
				SWIFT_OPTIMIZATION_LEVEL = "-Onone";
				TARGETED_DEVICE_FAMILY = "1,2";
			};
			name = Debug;
		};
		4A3927521B67B5D000AC0F2A /* Release */ = {
			isa = XCBuildConfiguration;
			buildSettings = {
				ALWAYS_SEARCH_USER_PATHS = NO;
				CLANG_CXX_LANGUAGE_STANDARD = "gnu++0x";
				CLANG_CXX_LIBRARY = "libc++";
				CLANG_ENABLE_MODULES = YES;
				CLANG_ENABLE_OBJC_ARC = YES;
				CLANG_WARN_BOOL_CONVERSION = YES;
				CLANG_WARN_CONSTANT_CONVERSION = YES;
				CLANG_WARN_DIRECT_OBJC_ISA_USAGE = YES_ERROR;
				CLANG_WARN_EMPTY_BODY = YES;
				CLANG_WARN_ENUM_CONVERSION = YES;
				CLANG_WARN_INT_CONVERSION = YES;
				CLANG_WARN_OBJC_ROOT_CLASS = YES_ERROR;
				CLANG_WARN_UNREACHABLE_CODE = YES;
				CLANG_WARN__DUPLICATE_METHOD_MATCH = YES;
				"CODE_SIGN_IDENTITY[sdk=iphoneos*]" = "iPhone Developer";
				COPY_PHASE_STRIP = NO;
				DEBUG_INFORMATION_FORMAT = "dwarf-with-dsym";
				ENABLE_NS_ASSERTIONS = NO;
				ENABLE_STRICT_OBJC_MSGSEND = YES;
				GCC_C_LANGUAGE_STANDARD = gnu99;
				GCC_NO_COMMON_BLOCKS = YES;
				GCC_WARN_64_TO_32_BIT_CONVERSION = YES;
				GCC_WARN_ABOUT_RETURN_TYPE = YES_ERROR;
				GCC_WARN_UNDECLARED_SELECTOR = YES;
				GCC_WARN_UNINITIALIZED_AUTOS = YES_AGGRESSIVE;
				GCC_WARN_UNUSED_FUNCTION = YES;
				GCC_WARN_UNUSED_VARIABLE = YES;
				IPHONEOS_DEPLOYMENT_TARGET = 9.0;
				MTL_ENABLE_DEBUG_INFO = NO;
				SDKROOT = iphoneos;
				TARGETED_DEVICE_FAMILY = "1,2";
				VALIDATE_PRODUCT = YES;
			};
			name = Release;
		};
		4A3927541B67B5D000AC0F2A /* Debug */ = {
			isa = XCBuildConfiguration;
			buildSettings = {
				ASSETCATALOG_COMPILER_APPICON_NAME = AppIcon;
				INFOPLIST_FILE = Calculator/Info.plist;
				IPHONEOS_DEPLOYMENT_TARGET = 9.0;
				LD_RUNPATH_SEARCH_PATHS = "$(inherited) @executable_path/Frameworks";
				PRODUCT_BUNDLE_IDENTIFIER = "com.nevercry.$(PRODUCT_NAME:rfc1034identifier)";
				PRODUCT_NAME = "$(TARGET_NAME)";
			};
			name = Debug;
		};
		4A3927551B67B5D000AC0F2A /* Release */ = {
			isa = XCBuildConfiguration;
			buildSettings = {
				ASSETCATALOG_COMPILER_APPICON_NAME = AppIcon;
				INFOPLIST_FILE = Calculator/Info.plist;
				IPHONEOS_DEPLOYMENT_TARGET = 9.0;
				LD_RUNPATH_SEARCH_PATHS = "$(inherited) @executable_path/Frameworks";
				PRODUCT_BUNDLE_IDENTIFIER = "com.nevercry.$(PRODUCT_NAME:rfc1034identifier)";
				PRODUCT_NAME = "$(TARGET_NAME)";
			};
			name = Release;
		};
		4A3927571B67B5D000AC0F2A /* Debug */ = {
			isa = XCBuildConfiguration;
			buildSettings = {
				BUNDLE_LOADER = "$(TEST_HOST)";
				FRAMEWORK_SEARCH_PATHS = "$(inherited)";
				GCC_PREPROCESSOR_DEFINITIONS = (
					"DEBUG=1",
					"$(inherited)",
				);
				INFOPLIST_FILE = CalculatorTests/Info.plist;
				IPHONEOS_DEPLOYMENT_TARGET = 9.0;
				LD_RUNPATH_SEARCH_PATHS = "$(inherited) @executable_path/Frameworks @loader_path/Frameworks";
				PRODUCT_BUNDLE_IDENTIFIER = "com.nevercry.$(PRODUCT_NAME:rfc1034identifier)";
				PRODUCT_NAME = "$(TARGET_NAME)";
				TEST_HOST = "$(BUILT_PRODUCTS_DIR)/Calculator.app/Calculator";
			};
			name = Debug;
		};
		4A3927581B67B5D000AC0F2A /* Release */ = {
			isa = XCBuildConfiguration;
			buildSettings = {
				BUNDLE_LOADER = "$(TEST_HOST)";
				FRAMEWORK_SEARCH_PATHS = "$(inherited)";
				INFOPLIST_FILE = CalculatorTests/Info.plist;
				IPHONEOS_DEPLOYMENT_TARGET = 9.0;
				LD_RUNPATH_SEARCH_PATHS = "$(inherited) @executable_path/Frameworks @loader_path/Frameworks";
				PRODUCT_BUNDLE_IDENTIFIER = "com.nevercry.$(PRODUCT_NAME:rfc1034identifier)";
				PRODUCT_NAME = "$(TARGET_NAME)";
				TEST_HOST = "$(BUILT_PRODUCTS_DIR)/Calculator.app/Calculator";
			};
			name = Release;
		};
/* End XCBuildConfiguration section */

/* Begin XCConfigurationList section */
		4A39272F1B67B5D000AC0F2A /* Build configuration list for PBXProject "Calculator" */ = {
			isa = XCConfigurationList;
			buildConfigurations = (
				4A3927511B67B5D000AC0F2A /* Debug */,
				4A3927521B67B5D000AC0F2A /* Release */,
			);
			defaultConfigurationIsVisible = 0;
			defaultConfigurationName = Release;
		};
		4A3927531B67B5D000AC0F2A /* Build configuration list for PBXNativeTarget "Calculator" */ = {
			isa = XCConfigurationList;
			buildConfigurations = (
				4A3927541B67B5D000AC0F2A /* Debug */,
				4A3927551B67B5D000AC0F2A /* Release */,
			);
			defaultConfigurationIsVisible = 0;
			defaultConfigurationName = Release;
		};
		4A3927561B67B5D000AC0F2A /* Build configuration list for PBXNativeTarget "CalculatorTests" */ = {
			isa = XCConfigurationList;
			buildConfigurations = (
				4A3927571B67B5D000AC0F2A /* Debug */,
				4A3927581B67B5D000AC0F2A /* Release */,
			);
			defaultConfigurationIsVisible = 0;
			defaultConfigurationName = Release;
		};
/* End XCConfigurationList section */
	};
	rootObject = 4A39272C1B67B5D000AC0F2A /* Project object */;
}
